
Microsoft Visual Studio Solution File, Format Version 12.00
# Visual Studio Version 16
VisualStudioVersion = 16.0.28803.352
MinimumVisualStudioVersion = 15.0.26124.0
Project("{9A19103F-16F7-4668-BE54-9A1E7A4F7556}") = "SudokuApp.ConsoleApp", "SudokuApp.ConsoleApp\SudokuApp.ConsoleApp.csproj", "{4E834C55-FBA1-474A-A641-9253412EBBE0}"
EndProject
Project("{9A19103F-16F7-4668-BE54-9A1E7A4F7556}") = "SudokuApp.Models", "SudokuApp.Models\SudokuApp.Models.csproj", "{AB6A25A8-A267-4233-99EC-1E7C4A69940E}"
EndProject
Project("{9A19103F-16F7-4668-BE54-9A1E7A4F7556}") = "SudokuApp.AppExtensions", "SudokuApp.AppExtensions\SudokuApp.AppExtensions.csproj", "{2C9DD584-03E6-481C-A739-60FD298505F8}"
EndProject
Project("{FAE04EC0-301F-11D3-BF4B-00C04F79EFBC}") = "SudokuApp.Utilities", "SudokuApp.Utilities\SudokuApp.Utilities.csproj", "{935B5DD7-B43D-49F1-BE77-7B8536E48443}"
EndProject
Global
	GlobalSection(SolutionConfigurationPlatforms) = preSolution
		Debug|Any CPU = Debug|Any CPU
		Debug|x64 = Debug|x64
		Debug|x86 = Debug|x86
		Release|Any CPU = Release|Any CPU
		Release|x64 = Release|x64
		Release|x86 = Release|x86
	EndGlobalSection
	GlobalSection(ProjectConfigurationPlatforms) = postSolution
		{4E834C55-FBA1-474A-A641-9253412EBBE0}.Debug|Any CPU.ActiveCfg = Debug|Any CPU
		{4E834C55-FBA1-474A-A641-9253412EBBE0}.Debug|Any CPU.Build.0 = Debug|Any CPU
		{4E834C55-FBA1-474A-A641-9253412EBBE0}.Debug|x64.ActiveCfg = Debug|Any CPU
		{4E834C55-FBA1-474A-A641-9253412EBBE0}.Debug|x64.Build.0 = Debug|Any CPU
		{4E834C55-FBA1-474A-A641-9253412EBBE0}.Debug|x86.ActiveCfg = Debug|Any CPU
		{4E834C55-FBA1-474A-A641-9253412EBBE0}.Debug|x86.Build.0 = Debug|Any CPU
		{4E834C55-FBA1-474A-A641-9253412EBBE0}.Release|Any CPU.ActiveCfg = Release|Any CPU
		{4E834C55-FBA1-474A-A641-9253412EBBE0}.Release|Any CPU.Build.0 = Release|Any CPU
		{4E834C55-FBA1-474A-A641-9253412EBBE0}.Release|x64.ActiveCfg = Release|Any CPU
		{4E834C55-FBA1-474A-A641-9253412EBBE0}.Release|x64.Build.0 = Release|Any CPU
		{4E834C55-FBA1-474A-A641-9253412EBBE0}.Release|x86.ActiveCfg = Release|Any CPU
		{4E834C55-FBA1-474A-A641-9253412EBBE0}.Release|x86.Build.0 = Release|Any CPU
		{AB6A25A8-A267-4233-99EC-1E7C4A69940E}.Debug|Any CPU.ActiveCfg = Debug|Any CPU
		{AB6A25A8-A267-4233-99EC-1E7C4A69940E}.Debug|Any CPU.Build.0 = Debug|Any CPU
		{AB6A25A8-A267-4233-99EC-1E7C4A69940E}.Debug|x64.ActiveCfg = Debug|Any CPU
		{AB6A25A8-A267-4233-99EC-1E7C4A69940E}.Debug|x64.Build.0 = Debug|Any CPU
		{AB6A25A8-A267-4233-99EC-1E7C4A69940E}.Debug|x86.ActiveCfg = Debug|Any CPU
		{AB6A25A8-A267-4233-99EC-1E7C4A69940E}.Debug|x86.Build.0 = Debug|Any CPU
		{AB6A25A8-A267-4233-99EC-1E7C4A69940E}.Release|Any CPU.ActiveCfg = Release|Any CPU
		{AB6A25A8-A267-4233-99EC-1E7C4A69940E}.Release|Any CPU.Build.0 = Release|Any CPU
		{AB6A25A8-A267-4233-99EC-1E7C4A69940E}.Release|x64.ActiveCfg = Release|Any CPU
		{AB6A25A8-A267-4233-99EC-1E7C4A69940E}.Release|x64.Build.0 = Release|Any CPU
		{AB6A25A8-A267-4233-99EC-1E7C4A69940E}.Release|x86.ActiveCfg = Release|Any CPU
		{AB6A25A8-A267-4233-99EC-1E7C4A69940E}.Release|x86.Build.0 = Release|Any CPU
		{2C9DD584-03E6-481C-A739-60FD298505F8}.Debug|Any CPU.ActiveCfg = Debug|Any CPU
		{2C9DD584-03E6-481C-A739-60FD298505F8}.Debug|Any CPU.Build.0 = Debug|Any CPU
		{2C9DD584-03E6-481C-A739-60FD298505F8}.Debug|x64.ActiveCfg = Debug|Any CPU
		{2C9DD584-03E6-481C-A739-60FD298505F8}.Debug|x64.Build.0 = Debug|Any CPU
		{2C9DD584-03E6-481C-A739-60FD298505F8}.Debug|x86.ActiveCfg = Debug|Any CPU
		{2C9DD584-03E6-481C-A739-60FD298505F8}.Debug|x86.Build.0 = Debug|Any CPU
		{2C9DD584-03E6-481C-A739-60FD298505F8}.Release|Any CPU.ActiveCfg = Release|Any CPU
		{2C9DD584-03E6-481C-A739-60FD298505F8}.Release|Any CPU.Build.0 = Release|Any CPU
		{2C9DD584-03E6-481C-A739-60FD298505F8}.Release|x64.ActiveCfg = Release|Any CPU
		{2C9DD584-03E6-481C-A739-60FD298505F8}.Release|x64.Build.0 = Release|Any CPU
		{2C9DD584-03E6-481C-A739-60FD298505F8}.Release|x86.ActiveCfg = Release|Any CPU
		{2C9DD584-03E6-481C-A739-60FD298505F8}.Release|x86.Build.0 = Release|Any CPU
		{935B5DD7-B43D-49F1-BE77-7B8536E48443}.Debug|Any CPU.ActiveCfg = Debug|Any CPU
		{935B5DD7-B43D-49F1-BE77-7B8536E48443}.Debug|Any CPU.Build.0 = Debug|Any CPU
		{935B5DD7-B43D-49F1-BE77-7B8536E48443}.Debug|x64.ActiveCfg = Debug|Any CPU
		{935B5DD7-B43D-49F1-BE77-7B8536E48443}.Debug|x64.Build.0 = Debug|Any CPU
		{935B5DD7-B43D-49F1-BE77-7B8536E48443}.Debug|x86.ActiveCfg = Debug|Any CPU
		{935B5DD7-B43D-49F1-BE77-7B8536E48443}.Debug|x86.Build.0 = Debug|Any CPU
		{935B5DD7-B43D-49F1-BE77-7B8536E48443}.Release|Any CPU.ActiveCfg = Release|Any CPU
		{935B5DD7-B43D-49F1-BE77-7B8536E48443}.Release|Any CPU.Build.0 = Release|Any CPU
		{935B5DD7-B43D-49F1-BE77-7B8536E48443}.Release|x64.ActiveCfg = Release|Any CPU
		{935B5DD7-B43D-49F1-BE77-7B8536E48443}.Release|x64.Build.0 = Release|Any CPU
		{935B5DD7-B43D-49F1-BE77-7B8536E48443}.Release|x86.ActiveCfg = Release|Any CPU
		{935B5DD7-B43D-49F1-BE77-7B8536E48443}.Release|x86.Build.0 = Release|Any CPU
	EndGlobalSection
	GlobalSection(SolutionProperties) = preSolution
		HideSolutionNode = FALSE
	EndGlobalSection
	GlobalSection(ExtensibilityGlobals) = postSolution
		SolutionGuid = {FE701BB7-E1CF-4FB1-9073-A54B23CE681D}
	EndGlobalSection
EndGlobal
